
Microsoft Visual Studio Solution File, Format Version 12.00
# Visual Studio Version 17
VisualStudioVersion = 17.5.002.0
MinimumVisualStudioVersion = 10.0.40219.1
Project("{2150E333-8FDC-42A3-9474-1A3956D46DE8}") = "C#", "C#", "{2EBD6478-1CBC-4D6B-A4EE-6741FF787C31}"
EndProject
Project("{9A19103F-16F7-4668-BE54-9A1E7A4F7556}") = "CodingChallenge_1", "C#\CodingChallenge_1\CodingChallenge_1.csproj", "{AB086FED-265A-4461-8864-003E8672D3E5}"
EndProject
Global
	GlobalSection(SolutionConfigurationPlatforms) = preSolution
		Debug|Any CPU = Debug|Any CPU
		Release|Any CPU = Release|Any CPU
	EndGlobalSection
	GlobalSection(ProjectConfigurationPlatforms) = postSolution
		{AB086FED-265A-4461-8864-003E8672D3E5}.Debug|Any CPU.ActiveCfg = Debug|Any CPU
		{AB086FED-265A-4461-8864-003E8672D3E5}.Debug|Any CPU.Build.0 = Debug|Any CPU
		{AB086FED-265A-4461-8864-003E8672D3E5}.Release|Any CPU.ActiveCfg = Release|Any CPU
		{AB086FED-265A-4461-8864-003E8672D3E5}.Release|Any CPU.Build.0 = Release|Any CPU
	EndGlobalSection
	GlobalSection(SolutionProperties) = preSolution
		HideSolutionNode = FALSE
	EndGlobalSection
	GlobalSection(NestedProjects) = preSolution
		{AB086FED-265A-4461-8864-003E8672D3E5} = {2EBD6478-1CBC-4D6B-A4EE-6741FF787C31}
	EndGlobalSection
	GlobalSection(ExtensibilityGlobals) = postSolution
		SolutionGuid = {DB38A488-5790-451A-A23B-8BFFCA96FD8B}
	EndGlobalSection
EndGlobal
